// !$*UTF8*$!
{
	archiveVersion = 1;
	classes = {
	};
	objectVersion = 56;
	objects = {

/* Begin PBXBuildFile section */
		A75A8B8B2B8FEF5E00CECAE5 /* Tag.swift in Sources */ = {isa = PBXBuildFile; fileRef = A75A8B8A2B8FEF5E00CECAE5 /* Tag.swift */; };
		A773A8182B9BA8CE00C451EA /* Assets.xcassets in Resources */ = {isa = PBXBuildFile; fileRef = A7B3A5132B8D34FD0025495E /* Assets.xcassets */; };
		A773A8192B9BA8CE00C451EA /* Assets.xcassets in Resources */ = {isa = PBXBuildFile; fileRef = A7B3A5132B8D34FD0025495E /* Assets.xcassets */; };
		A78570C52B97C7A500C43847 /* WatchConnectivity.framework in Frameworks */ = {isa = PBXBuildFile; fileRef = A78570C42B97C7A500C43847 /* WatchConnectivity.framework */; };
		A78570D02B97CA8F00C43847 /* PomodoroWatchApp.swift in Sources */ = {isa = PBXBuildFile; fileRef = A78570CF2B97CA8F00C43847 /* PomodoroWatchApp.swift */; };
		A78570D72B97CA9100C43847 /* Preview Assets.xcassets in Resources */ = {isa = PBXBuildFile; fileRef = A78570D62B97CA9100C43847 /* Preview Assets.xcassets */; };
		A78570DA2B97CA9100C43847 /* PomodoroWatch Watch App.app in Embed Watch Content */ = {isa = PBXBuildFile; fileRef = A78570CD2B97CA8F00C43847 /* PomodoroWatch Watch App.app */; settings = {ATTRIBUTES = (RemoveHeadersOnCopy, ); }; };
		A78570DE2B97CAA900C43847 /* WatchConnectivity.framework in Frameworks */ = {isa = PBXBuildFile; fileRef = A78570C62B97C7AE00C43847 /* WatchConnectivity.framework */; };
		A7B3A5102B8D34FB0025495E /* PomodoroApp.swift in Sources */ = {isa = PBXBuildFile; fileRef = A7B3A50F2B8D34FB0025495E /* PomodoroApp.swift */; };
		A7B3A5142B8D34FD0025495E /* Assets.xcassets in Resources */ = {isa = PBXBuildFile; fileRef = A7B3A5132B8D34FD0025495E /* Assets.xcassets */; };
		A7B3A5172B8D34FD0025495E /* Preview Assets.xcassets in Resources */ = {isa = PBXBuildFile; fileRef = A7B3A5162B8D34FD0025495E /* Preview Assets.xcassets */; };
		A7B3A51E2B8D351B0025495E /* TimerView.swift in Sources */ = {isa = PBXBuildFile; fileRef = A7B3A51D2B8D351B0025495E /* TimerView.swift */; };
		A7B3A5202B8D3DA10025495E /* Utils.swift in Sources */ = {isa = PBXBuildFile; fileRef = A7B3A51F2B8D3DA10025495E /* Utils.swift */; };
		A7BA649E2B98A1CB006DBE72 /* OnboardingView.swift in Sources */ = {isa = PBXBuildFile; fileRef = A7BA649D2B98A1CB006DBE72 /* OnboardingView.swift */; };
		A7BA64A12B990B45006DBE72 /* HomeView.swift in Sources */ = {isa = PBXBuildFile; fileRef = A7BA64A02B990B45006DBE72 /* HomeView.swift */; };
		A7BA64A32B991D7C006DBE72 /* SettingsView.swift in Sources */ = {isa = PBXBuildFile; fileRef = A7BA64A22B991D7C006DBE72 /* SettingsView.swift */; };
		A7BA64A52B991D89006DBE72 /* TagsView.swift in Sources */ = {isa = PBXBuildFile; fileRef = A7BA64A42B991D89006DBE72 /* TagsView.swift */; };
		A7BA64A82B991EBB006DBE72 /* SettingsSquareComponent.swift in Sources */ = {isa = PBXBuildFile; fileRef = A7BA64A72B991EBB006DBE72 /* SettingsSquareComponent.swift */; };
		A7BA64AB2B9A1D75006DBE72 /* Cat.swift in Sources */ = {isa = PBXBuildFile; fileRef = A7BA64AA2B9A1D75006DBE72 /* Cat.swift */; };
		A7BA64AD2B9A1DA9006DBE72 /* Pomodoro.swift in Sources */ = {isa = PBXBuildFile; fileRef = A7BA64AC2B9A1DA9006DBE72 /* Pomodoro.swift */; };
		A7BA64D32B9A4B90006DBE72 /* SessionDelegater.swift in Sources */ = {isa = PBXBuildFile; fileRef = A7BA64D22B9A4B90006DBE72 /* SessionDelegater.swift */; };
		A7BA64D42B9A4B90006DBE72 /* SessionDelegater.swift in Sources */ = {isa = PBXBuildFile; fileRef = A7BA64D22B9A4B90006DBE72 /* SessionDelegater.swift */; };
		A7BA64D62B9A4DCF006DBE72 /* WatchTimerView.swift in Sources */ = {isa = PBXBuildFile; fileRef = A7BA64D52B9A4DCF006DBE72 /* WatchTimerView.swift */; };
		A7BA64D72B9A5D12006DBE72 /* Constants.swift in Sources */ = {isa = PBXBuildFile; fileRef = A7D6D5992B926B7300C97719 /* Constants.swift */; };
		A7BA64D92B9A5F50006DBE72 /* WatchHomeView.swift in Sources */ = {isa = PBXBuildFile; fileRef = A7BA64D82B9A5F50006DBE72 /* WatchHomeView.swift */; };
		A7BA64DC2B9A67FC006DBE72 /* Pomodoro.swift in Sources */ = {isa = PBXBuildFile; fileRef = A7BA64AC2B9A1DA9006DBE72 /* Pomodoro.swift */; };
		A7BA64DD2B9A6818006DBE72 /* Tag.swift in Sources */ = {isa = PBXBuildFile; fileRef = A75A8B8A2B8FEF5E00CECAE5 /* Tag.swift */; };
		A7CECB352B9E31BC00DFDF5A /* ChooseCatsView.swift in Sources */ = {isa = PBXBuildFile; fileRef = A7CECB342B9E31BC00DFDF5A /* ChooseCatsView.swift */; };
		A7CECB372B9E340D00DFDF5A /* CatCard.swift in Sources */ = {isa = PBXBuildFile; fileRef = A7CECB362B9E340D00DFDF5A /* CatCard.swift */; };
		A7CECB392B9E3AC900DFDF5A /* Session.swift in Sources */ = {isa = PBXBuildFile; fileRef = A7CECB382B9E3AC900DFDF5A /* Session.swift */; };
		A7CECB3C2B9F64AB00DFDF5A /* SharedTimer.swift in Sources */ = {isa = PBXBuildFile; fileRef = A7CECB3B2B9F64AB00DFDF5A /* SharedTimer.swift */; };
		A7CECB3D2B9F64B000DFDF5A /* SharedTimer.swift in Sources */ = {isa = PBXBuildFile; fileRef = A7CECB3B2B9F64AB00DFDF5A /* SharedTimer.swift */; };
		A7CECB3F2B9F8F8800DFDF5A /* NotificationManager.swift in Sources */ = {isa = PBXBuildFile; fileRef = A7CECB3E2B9F8F8800DFDF5A /* NotificationManager.swift */; };
		A7CECB402B9F8F8800DFDF5A /* NotificationManager.swift in Sources */ = {isa = PBXBuildFile; fileRef = A7CECB3E2B9F8F8800DFDF5A /* NotificationManager.swift */; };
		A7CECB422B9FCF3100DFDF5A /* SettingsProperty.swift in Sources */ = {isa = PBXBuildFile; fileRef = A7CECB412B9FCF3100DFDF5A /* SettingsProperty.swift */; };
		A7CECB632BA1CFB300DFDF5A /* DesignColors.swift in Sources */ = {isa = PBXBuildFile; fileRef = A7CECB622BA1CFB300DFDF5A /* DesignColors.swift */; };
		A7CECB642BA1CFB500DFDF5A /* DesignColors.swift in Sources */ = {isa = PBXBuildFile; fileRef = A7CECB622BA1CFB300DFDF5A /* DesignColors.swift */; };
		A7CECB652BA1CFB500DFDF5A /* DesignColors.swift in Sources */ = {isa = PBXBuildFile; fileRef = A7CECB622BA1CFB300DFDF5A /* DesignColors.swift */; };
		A7CECB672BA1DF3200DFDF5A /* TimerProperty.swift in Sources */ = {isa = PBXBuildFile; fileRef = A7CECB662BA1DF3200DFDF5A /* TimerProperty.swift */; };
		A7CECB692BA1E2AF00DFDF5A /* SettingsSound.swift in Sources */ = {isa = PBXBuildFile; fileRef = A7CECB682BA1E2AF00DFDF5A /* SettingsSound.swift */; };
		A7CECB8D2BA2377000DFDF5A /* AppDelegate.swift in Sources */ = {isa = PBXBuildFile; fileRef = A7CECB8C2BA2377000DFDF5A /* AppDelegate.swift */; };
		A7CECB912BA250B400DFDF5A /* TagComponent.swift in Sources */ = {isa = PBXBuildFile; fileRef = A7CECB902BA250B400DFDF5A /* TagComponent.swift */; };
		A7CECB932BA3617700DFDF5A /* NotoSans-VariableFont_wdth,wght.ttf in Resources */ = {isa = PBXBuildFile; fileRef = A7CECB922BA3617700DFDF5A /* NotoSans-VariableFont_wdth,wght.ttf */; };
		A7CECB942BA3617700DFDF5A /* NotoSans-VariableFont_wdth,wght.ttf in Resources */ = {isa = PBXBuildFile; fileRef = A7CECB922BA3617700DFDF5A /* NotoSans-VariableFont_wdth,wght.ttf */; };
		A7CECB952BA3617700DFDF5A /* NotoSans-VariableFont_wdth,wght.ttf in Resources */ = {isa = PBXBuildFile; fileRef = A7CECB922BA3617700DFDF5A /* NotoSans-VariableFont_wdth,wght.ttf */; };
		A7CECB9A2BA3623000DFDF5A /* LondrinaSolid-Black.ttf in Resources */ = {isa = PBXBuildFile; fileRef = A7CECB962BA3623000DFDF5A /* LondrinaSolid-Black.ttf */; };
		A7CECB9B2BA3623000DFDF5A /* LondrinaSolid-Black.ttf in Resources */ = {isa = PBXBuildFile; fileRef = A7CECB962BA3623000DFDF5A /* LondrinaSolid-Black.ttf */; };
		A7CECB9C2BA3623000DFDF5A /* LondrinaSolid-Black.ttf in Resources */ = {isa = PBXBuildFile; fileRef = A7CECB962BA3623000DFDF5A /* LondrinaSolid-Black.ttf */; };
		A7CECB9D2BA3623000DFDF5A /* LondrinaSolid-Regular.ttf in Resources */ = {isa = PBXBuildFile; fileRef = A7CECB972BA3623000DFDF5A /* LondrinaSolid-Regular.ttf */; };
		A7CECB9E2BA3623000DFDF5A /* LondrinaSolid-Regular.ttf in Resources */ = {isa = PBXBuildFile; fileRef = A7CECB972BA3623000DFDF5A /* LondrinaSolid-Regular.ttf */; };
		A7CECB9F2BA3623000DFDF5A /* LondrinaSolid-Regular.ttf in Resources */ = {isa = PBXBuildFile; fileRef = A7CECB972BA3623000DFDF5A /* LondrinaSolid-Regular.ttf */; };
		A7CECBA02BA3623000DFDF5A /* LondrinaSolid-Thin.ttf in Resources */ = {isa = PBXBuildFile; fileRef = A7CECB982BA3623000DFDF5A /* LondrinaSolid-Thin.ttf */; };
		A7CECBA12BA3623000DFDF5A /* LondrinaSolid-Thin.ttf in Resources */ = {isa = PBXBuildFile; fileRef = A7CECB982BA3623000DFDF5A /* LondrinaSolid-Thin.ttf */; };
		A7CECBA22BA3623000DFDF5A /* LondrinaSolid-Thin.ttf in Resources */ = {isa = PBXBuildFile; fileRef = A7CECB982BA3623000DFDF5A /* LondrinaSolid-Thin.ttf */; };
		A7CECBA32BA3623000DFDF5A /* LondrinaSolid-Light.ttf in Resources */ = {isa = PBXBuildFile; fileRef = A7CECB992BA3623000DFDF5A /* LondrinaSolid-Light.ttf */; };
		A7CECBA42BA3623000DFDF5A /* LondrinaSolid-Light.ttf in Resources */ = {isa = PBXBuildFile; fileRef = A7CECB992BA3623000DFDF5A /* LondrinaSolid-Light.ttf */; };
		A7CECBA52BA3623000DFDF5A /* LondrinaSolid-Light.ttf in Resources */ = {isa = PBXBuildFile; fileRef = A7CECB992BA3623000DFDF5A /* LondrinaSolid-Light.ttf */; };
		A7CECBA82BA365C300DFDF5A /* Fonts.swift in Sources */ = {isa = PBXBuildFile; fileRef = A7CECBA72BA365C300DFDF5A /* Fonts.swift */; };
		A7CECBA92BA365C300DFDF5A /* Fonts.swift in Sources */ = {isa = PBXBuildFile; fileRef = A7CECBA72BA365C300DFDF5A /* Fonts.swift */; };
		A7CECBAA2BA365C300DFDF5A /* Fonts.swift in Sources */ = {isa = PBXBuildFile; fileRef = A7CECBA72BA365C300DFDF5A /* Fonts.swift */; };
		A7D6D5812B925D9E00C97719 /* WidgetKit.framework in Frameworks */ = {isa = PBXBuildFile; fileRef = A7D6D5802B925D9E00C97719 /* WidgetKit.framework */; };
		A7D6D5832B925D9E00C97719 /* SwiftUI.framework in Frameworks */ = {isa = PBXBuildFile; fileRef = A7D6D5822B925D9E00C97719 /* SwiftUI.framework */; };
		A7D6D5862B925D9E00C97719 /* widgetextentionBundle.swift in Sources */ = {isa = PBXBuildFile; fileRef = A7D6D5852B925D9E00C97719 /* widgetextentionBundle.swift */; };
		A7D6D5882B925D9E00C97719 /* widgetextentionLiveActivity.swift in Sources */ = {isa = PBXBuildFile; fileRef = A7D6D5872B925D9E00C97719 /* widgetextentionLiveActivity.swift */; };
		A7D6D58A2B925D9E00C97719 /* widgetextention.swift in Sources */ = {isa = PBXBuildFile; fileRef = A7D6D5892B925D9E00C97719 /* widgetextention.swift */; };
		A7D6D58C2B925D9E00C97719 /* AppIntent.swift in Sources */ = {isa = PBXBuildFile; fileRef = A7D6D58B2B925D9E00C97719 /* AppIntent.swift */; };
		A7D6D5922B925DA000C97719 /* widgetextentionExtension.appex in Embed Foundation Extensions */ = {isa = PBXBuildFile; fileRef = A7D6D57E2B925D9E00C97719 /* widgetextentionExtension.appex */; settings = {ATTRIBUTES = (RemoveHeadersOnCopy, ); }; };
		A7D6D59A2B926B7300C97719 /* Constants.swift in Sources */ = {isa = PBXBuildFile; fileRef = A7D6D5992B926B7300C97719 /* Constants.swift */; };
		A7D6D59C2B926C3B00C97719 /* DataService.swift in Sources */ = {isa = PBXBuildFile; fileRef = A7D6D59B2B926C3B00C97719 /* DataService.swift */; };
		A7D776442BA3A7D000C7A6BD /* NewTagComponent.swift in Sources */ = {isa = PBXBuildFile; fileRef = A7D776432BA3A7D000C7A6BD /* NewTagComponent.swift */; };
/* End PBXBuildFile section */

/* Begin PBXContainerItemProxy section */
		A78570D82B97CA9100C43847 /* PBXContainerItemProxy */ = {
			isa = PBXContainerItemProxy;
			containerPortal = A7B3A5042B8D34FB0025495E /* Project object */;
			proxyType = 1;
			remoteGlobalIDString = A78570CC2B97CA8F00C43847;
			remoteInfo = "PomodoroWatch Watch App";
		};
		A7D6D5902B925DA000C97719 /* PBXContainerItemProxy */ = {
			isa = PBXContainerItemProxy;
			containerPortal = A7B3A5042B8D34FB0025495E /* Project object */;
			proxyType = 1;
			remoteGlobalIDString = A7D6D57D2B925D9E00C97719;
			remoteInfo = widgetextentionExtension;
		};
/* End PBXContainerItemProxy section */

/* Begin PBXCopyFilesBuildPhase section */
		A78570C02B97C64000C43847 /* Embed Watch Content */ = {
			isa = PBXCopyFilesBuildPhase;
			buildActionMask = 2147483647;
			dstPath = "$(CONTENTS_FOLDER_PATH)/Watch";
			dstSubfolderSpec = 16;
			files = (
				A78570DA2B97CA9100C43847 /* PomodoroWatch Watch App.app in Embed Watch Content */,
			);
			name = "Embed Watch Content";
			runOnlyForDeploymentPostprocessing = 0;
		};
		A7D6D5932B925DA000C97719 /* Embed Foundation Extensions */ = {
			isa = PBXCopyFilesBuildPhase;
			buildActionMask = 2147483647;
			dstPath = "";
			dstSubfolderSpec = 13;
			files = (
				A7D6D5922B925DA000C97719 /* widgetextentionExtension.appex in Embed Foundation Extensions */,
			);
			name = "Embed Foundation Extensions";
			runOnlyForDeploymentPostprocessing = 0;
		};
/* End PBXCopyFilesBuildPhase section */

/* Begin PBXFileReference section */
		A75A8B8A2B8FEF5E00CECAE5 /* Tag.swift */ = {isa = PBXFileReference; lastKnownFileType = sourcecode.swift; path = Tag.swift; sourceTree = "<group>"; };
		A78570C42B97C7A500C43847 /* WatchConnectivity.framework */ = {isa = PBXFileReference; lastKnownFileType = wrapper.framework; name = WatchConnectivity.framework; path = System/Library/Frameworks/WatchConnectivity.framework; sourceTree = SDKROOT; };
		A78570C62B97C7AE00C43847 /* WatchConnectivity.framework */ = {isa = PBXFileReference; lastKnownFileType = wrapper.framework; name = WatchConnectivity.framework; path = Platforms/WatchOS.platform/Developer/SDKs/WatchOS10.2.sdk/System/Library/Frameworks/WatchConnectivity.framework; sourceTree = DEVELOPER_DIR; };
		A78570CD2B97CA8F00C43847 /* PomodoroWatch Watch App.app */ = {isa = PBXFileReference; explicitFileType = wrapper.application; includeInIndex = 0; path = "PomodoroWatch Watch App.app"; sourceTree = BUILT_PRODUCTS_DIR; };
		A78570CF2B97CA8F00C43847 /* PomodoroWatchApp.swift */ = {isa = PBXFileReference; lastKnownFileType = sourcecode.swift; path = PomodoroWatchApp.swift; sourceTree = "<group>"; };
		A78570D62B97CA9100C43847 /* Preview Assets.xcassets */ = {isa = PBXFileReference; lastKnownFileType = folder.assetcatalog; path = "Preview Assets.xcassets"; sourceTree = "<group>"; };
		A7B3A50C2B8D34FB0025495E /* Pomodoro.app */ = {isa = PBXFileReference; explicitFileType = wrapper.application; includeInIndex = 0; path = Pomodoro.app; sourceTree = BUILT_PRODUCTS_DIR; };
		A7B3A50F2B8D34FB0025495E /* PomodoroApp.swift */ = {isa = PBXFileReference; lastKnownFileType = sourcecode.swift; path = PomodoroApp.swift; sourceTree = "<group>"; };
		A7B3A5132B8D34FD0025495E /* Assets.xcassets */ = {isa = PBXFileReference; lastKnownFileType = folder.assetcatalog; path = Assets.xcassets; sourceTree = "<group>"; };
		A7B3A5162B8D34FD0025495E /* Preview Assets.xcassets */ = {isa = PBXFileReference; lastKnownFileType = folder.assetcatalog; path = "Preview Assets.xcassets"; sourceTree = "<group>"; };
		A7B3A51D2B8D351B0025495E /* TimerView.swift */ = {isa = PBXFileReference; lastKnownFileType = sourcecode.swift; path = TimerView.swift; sourceTree = "<group>"; };
		A7B3A51F2B8D3DA10025495E /* Utils.swift */ = {isa = PBXFileReference; lastKnownFileType = sourcecode.swift; path = Utils.swift; sourceTree = "<group>"; };
		A7BA649D2B98A1CB006DBE72 /* OnboardingView.swift */ = {isa = PBXFileReference; lastKnownFileType = sourcecode.swift; path = OnboardingView.swift; sourceTree = "<group>"; };
		A7BA64A02B990B45006DBE72 /* HomeView.swift */ = {isa = PBXFileReference; lastKnownFileType = sourcecode.swift; path = HomeView.swift; sourceTree = "<group>"; };
		A7BA64A22B991D7C006DBE72 /* SettingsView.swift */ = {isa = PBXFileReference; lastKnownFileType = sourcecode.swift; path = SettingsView.swift; sourceTree = "<group>"; };
		A7BA64A42B991D89006DBE72 /* TagsView.swift */ = {isa = PBXFileReference; lastKnownFileType = sourcecode.swift; path = TagsView.swift; sourceTree = "<group>"; };
		A7BA64A72B991EBB006DBE72 /* SettingsSquareComponent.swift */ = {isa = PBXFileReference; lastKnownFileType = sourcecode.swift; path = SettingsSquareComponent.swift; sourceTree = "<group>"; };
		A7BA64AA2B9A1D75006DBE72 /* Cat.swift */ = {isa = PBXFileReference; lastKnownFileType = sourcecode.swift; path = Cat.swift; sourceTree = "<group>"; };
		A7BA64AC2B9A1DA9006DBE72 /* Pomodoro.swift */ = {isa = PBXFileReference; lastKnownFileType = sourcecode.swift; path = Pomodoro.swift; sourceTree = "<group>"; };
		A7BA64D22B9A4B90006DBE72 /* SessionDelegater.swift */ = {isa = PBXFileReference; lastKnownFileType = sourcecode.swift; path = SessionDelegater.swift; sourceTree = "<group>"; };
		A7BA64D52B9A4DCF006DBE72 /* WatchTimerView.swift */ = {isa = PBXFileReference; lastKnownFileType = sourcecode.swift; path = WatchTimerView.swift; sourceTree = "<group>"; };
		A7BA64D82B9A5F50006DBE72 /* WatchHomeView.swift */ = {isa = PBXFileReference; lastKnownFileType = sourcecode.swift; path = WatchHomeView.swift; sourceTree = "<group>"; };
		A7CECB342B9E31BC00DFDF5A /* ChooseCatsView.swift */ = {isa = PBXFileReference; lastKnownFileType = sourcecode.swift; path = ChooseCatsView.swift; sourceTree = "<group>"; };
		A7CECB362B9E340D00DFDF5A /* CatCard.swift */ = {isa = PBXFileReference; lastKnownFileType = sourcecode.swift; path = CatCard.swift; sourceTree = "<group>"; };
		A7CECB382B9E3AC900DFDF5A /* Session.swift */ = {isa = PBXFileReference; lastKnownFileType = sourcecode.swift; path = Session.swift; sourceTree = "<group>"; };
		A7CECB3A2B9F62EE00DFDF5A /* PomodoroWatch Watch App.entitlements */ = {isa = PBXFileReference; lastKnownFileType = text.plist.entitlements; path = "PomodoroWatch Watch App.entitlements"; sourceTree = "<group>"; };
		A7CECB3B2B9F64AB00DFDF5A /* SharedTimer.swift */ = {isa = PBXFileReference; lastKnownFileType = sourcecode.swift; path = SharedTimer.swift; sourceTree = "<group>"; };
		A7CECB3E2B9F8F8800DFDF5A /* NotificationManager.swift */ = {isa = PBXFileReference; lastKnownFileType = sourcecode.swift; path = NotificationManager.swift; sourceTree = "<group>"; };
		A7CECB412B9FCF3100DFDF5A /* SettingsProperty.swift */ = {isa = PBXFileReference; lastKnownFileType = sourcecode.swift; path = SettingsProperty.swift; sourceTree = "<group>"; };
		A7CECB622BA1CFB300DFDF5A /* DesignColors.swift */ = {isa = PBXFileReference; lastKnownFileType = sourcecode.swift; path = DesignColors.swift; sourceTree = "<group>"; };
		A7CECB662BA1DF3200DFDF5A /* TimerProperty.swift */ = {isa = PBXFileReference; lastKnownFileType = sourcecode.swift; path = TimerProperty.swift; sourceTree = "<group>"; };
		A7CECB682BA1E2AF00DFDF5A /* SettingsSound.swift */ = {isa = PBXFileReference; lastKnownFileType = sourcecode.swift; path = SettingsSound.swift; sourceTree = "<group>"; };
		A7CECB8C2BA2377000DFDF5A /* AppDelegate.swift */ = {isa = PBXFileReference; lastKnownFileType = sourcecode.swift; path = AppDelegate.swift; sourceTree = "<group>"; };
		A7CECB902BA250B400DFDF5A /* TagComponent.swift */ = {isa = PBXFileReference; lastKnownFileType = sourcecode.swift; path = TagComponent.swift; sourceTree = "<group>"; };
		A7CECB922BA3617700DFDF5A /* NotoSans-VariableFont_wdth,wght.ttf */ = {isa = PBXFileReference; lastKnownFileType = file; path = "NotoSans-VariableFont_wdth,wght.ttf"; sourceTree = "<group>"; };
		A7CECB962BA3623000DFDF5A /* LondrinaSolid-Black.ttf */ = {isa = PBXFileReference; lastKnownFileType = file; path = "LondrinaSolid-Black.ttf"; sourceTree = "<group>"; };
		A7CECB972BA3623000DFDF5A /* LondrinaSolid-Regular.ttf */ = {isa = PBXFileReference; lastKnownFileType = file; path = "LondrinaSolid-Regular.ttf"; sourceTree = "<group>"; };
		A7CECB982BA3623000DFDF5A /* LondrinaSolid-Thin.ttf */ = {isa = PBXFileReference; lastKnownFileType = file; path = "LondrinaSolid-Thin.ttf"; sourceTree = "<group>"; };
		A7CECB992BA3623000DFDF5A /* LondrinaSolid-Light.ttf */ = {isa = PBXFileReference; lastKnownFileType = file; path = "LondrinaSolid-Light.ttf"; sourceTree = "<group>"; };
		A7CECBA62BA3653C00DFDF5A /* Info.plist */ = {isa = PBXFileReference; lastKnownFileType = text.plist; path = Info.plist; sourceTree = "<group>"; };
		A7CECBA72BA365C300DFDF5A /* Fonts.swift */ = {isa = PBXFileReference; lastKnownFileType = sourcecode.swift; path = Fonts.swift; sourceTree = "<group>"; };
		A7D6D57E2B925D9E00C97719 /* widgetextentionExtension.appex */ = {isa = PBXFileReference; explicitFileType = "wrapper.app-extension"; includeInIndex = 0; path = widgetextentionExtension.appex; sourceTree = BUILT_PRODUCTS_DIR; };
		A7D6D5802B925D9E00C97719 /* WidgetKit.framework */ = {isa = PBXFileReference; lastKnownFileType = wrapper.framework; name = WidgetKit.framework; path = System/Library/Frameworks/WidgetKit.framework; sourceTree = SDKROOT; };
		A7D6D5822B925D9E00C97719 /* SwiftUI.framework */ = {isa = PBXFileReference; lastKnownFileType = wrapper.framework; name = SwiftUI.framework; path = System/Library/Frameworks/SwiftUI.framework; sourceTree = SDKROOT; };
		A7D6D5852B925D9E00C97719 /* widgetextentionBundle.swift */ = {isa = PBXFileReference; lastKnownFileType = sourcecode.swift; path = widgetextentionBundle.swift; sourceTree = "<group>"; };
		A7D6D5872B925D9E00C97719 /* widgetextentionLiveActivity.swift */ = {isa = PBXFileReference; lastKnownFileType = sourcecode.swift; path = widgetextentionLiveActivity.swift; sourceTree = "<group>"; };
		A7D6D5892B925D9E00C97719 /* widgetextention.swift */ = {isa = PBXFileReference; lastKnownFileType = sourcecode.swift; path = widgetextention.swift; sourceTree = "<group>"; };
		A7D6D58B2B925D9E00C97719 /* AppIntent.swift */ = {isa = PBXFileReference; lastKnownFileType = sourcecode.swift; path = AppIntent.swift; sourceTree = "<group>"; };
		A7D6D58F2B925DA000C97719 /* Info.plist */ = {isa = PBXFileReference; lastKnownFileType = text.plist.xml; path = Info.plist; sourceTree = "<group>"; };
		A7D6D5972B9269B200C97719 /* Pomodoro.entitlements */ = {isa = PBXFileReference; lastKnownFileType = text.plist.entitlements; path = Pomodoro.entitlements; sourceTree = "<group>"; };
		A7D6D5982B926A0000C97719 /* widgetextentionExtension.entitlements */ = {isa = PBXFileReference; lastKnownFileType = text.plist.entitlements; path = widgetextentionExtension.entitlements; sourceTree = "<group>"; };
		A7D6D5992B926B7300C97719 /* Constants.swift */ = {isa = PBXFileReference; lastKnownFileType = sourcecode.swift; path = Constants.swift; sourceTree = "<group>"; };
		A7D6D59B2B926C3B00C97719 /* DataService.swift */ = {isa = PBXFileReference; lastKnownFileType = sourcecode.swift; path = DataService.swift; sourceTree = "<group>"; };
		A7D776432BA3A7D000C7A6BD /* NewTagComponent.swift */ = {isa = PBXFileReference; lastKnownFileType = sourcecode.swift; path = NewTagComponent.swift; sourceTree = "<group>"; };
/* End PBXFileReference section */

/* Begin PBXFrameworksBuildPhase section */
		A78570CA2B97CA8F00C43847 /* Frameworks */ = {
			isa = PBXFrameworksBuildPhase;
			buildActionMask = 2147483647;
			files = (
				A78570DE2B97CAA900C43847 /* WatchConnectivity.framework in Frameworks */,
			);
			runOnlyForDeploymentPostprocessing = 0;
		};
		A7B3A5092B8D34FB0025495E /* Frameworks */ = {
			isa = PBXFrameworksBuildPhase;
			buildActionMask = 2147483647;
			files = (
				A78570C52B97C7A500C43847 /* WatchConnectivity.framework in Frameworks */,
			);
			runOnlyForDeploymentPostprocessing = 0;
		};
		A7D6D57B2B925D9E00C97719 /* Frameworks */ = {
			isa = PBXFrameworksBuildPhase;
			buildActionMask = 2147483647;
			files = (
				A7D6D5832B925D9E00C97719 /* SwiftUI.framework in Frameworks */,
				A7D6D5812B925D9E00C97719 /* WidgetKit.framework in Frameworks */,
			);
			runOnlyForDeploymentPostprocessing = 0;
		};
/* End PBXFrameworksBuildPhase section */

/* Begin PBXGroup section */
		A5CBBBE92BA366B700EFB8A8 /* Fonts */ = {
			isa = PBXGroup;
			children = (
				A7CECB922BA3617700DFDF5A /* NotoSans-VariableFont_wdth,wght.ttf */,
				A7CECB962BA3623000DFDF5A /* LondrinaSolid-Black.ttf */,
				A7CECB992BA3623000DFDF5A /* LondrinaSolid-Light.ttf */,
				A7CECB972BA3623000DFDF5A /* LondrinaSolid-Regular.ttf */,
				A7CECB982BA3623000DFDF5A /* LondrinaSolid-Thin.ttf */,
			);
			path = Fonts;
			sourceTree = "<group>";
		};
		A78570CE2B97CA8F00C43847 /* PomodoroWatch Watch App */ = {
			isa = PBXGroup;
			children = (
				A7CECB3A2B9F62EE00DFDF5A /* PomodoroWatch Watch App.entitlements */,
				A78570CF2B97CA8F00C43847 /* PomodoroWatchApp.swift */,
				A7BA64D82B9A5F50006DBE72 /* WatchHomeView.swift */,
				A7BA64D52B9A4DCF006DBE72 /* WatchTimerView.swift */,
				A78570D52B97CA9100C43847 /* Preview Content */,
			);
			path = "PomodoroWatch Watch App";
			sourceTree = "<group>";
		};
		A78570D52B97CA9100C43847 /* Preview Content */ = {
			isa = PBXGroup;
			children = (
				A78570D62B97CA9100C43847 /* Preview Assets.xcassets */,
			);
			path = "Preview Content";
			sourceTree = "<group>";
		};
		A7B3A5032B8D34FB0025495E = {
			isa = PBXGroup;
			children = (
				A7D6D5982B926A0000C97719 /* widgetextentionExtension.entitlements */,
				A7B3A50E2B8D34FB0025495E /* Pomodoro */,
				A7D6D5842B925D9E00C97719 /* widgetextention */,
				A78570CE2B97CA8F00C43847 /* PomodoroWatch Watch App */,
				A7D6D57F2B925D9E00C97719 /* Frameworks */,
				A7B3A50D2B8D34FB0025495E /* Products */,
			);
			sourceTree = "<group>";
		};
		A7B3A50D2B8D34FB0025495E /* Products */ = {
			isa = PBXGroup;
			children = (
				A7B3A50C2B8D34FB0025495E /* Pomodoro.app */,
				A7D6D57E2B925D9E00C97719 /* widgetextentionExtension.appex */,
				A78570CD2B97CA8F00C43847 /* PomodoroWatch Watch App.app */,
			);
			name = Products;
			sourceTree = "<group>";
		};
		A7B3A50E2B8D34FB0025495E /* Pomodoro */ = {
			isa = PBXGroup;
			children = (
				A7CECBA62BA3653C00DFDF5A /* Info.plist */,
				A7BA64962B989FD9006DBE72 /* Onboarding */,
				A7BA64A62B991EA3006DBE72 /* Components */,
				A7BA649F2B990B09006DBE72 /* Views */,
				A7BA64A92B9A1C9A006DBE72 /* Model */,
				A7CECB5B2BA1CE0500DFDF5A /* DesignSystem */,
				A7D6D5972B9269B200C97719 /* Pomodoro.entitlements */,
				A7B3A50F2B8D34FB0025495E /* PomodoroApp.swift */,
				A7B3A51F2B8D3DA10025495E /* Utils.swift */,
				A7CECB3E2B9F8F8800DFDF5A /* NotificationManager.swift */,
				A7CECB8C2BA2377000DFDF5A /* AppDelegate.swift */,
				A7CECB3B2B9F64AB00DFDF5A /* SharedTimer.swift */,
				A7BA64D22B9A4B90006DBE72 /* SessionDelegater.swift */,
				A7D6D5992B926B7300C97719 /* Constants.swift */,
				A7B3A5132B8D34FD0025495E /* Assets.xcassets */,
				A7B3A5152B8D34FD0025495E /* Preview Content */,
			);
			path = Pomodoro;
			sourceTree = "<group>";
		};
		A7B3A5152B8D34FD0025495E /* Preview Content */ = {
			isa = PBXGroup;
			children = (
				A7B3A5162B8D34FD0025495E /* Preview Assets.xcassets */,
			);
			path = "Preview Content";
			sourceTree = "<group>";
		};
		A7BA64962B989FD9006DBE72 /* Onboarding */ = {
			isa = PBXGroup;
			children = (
				A7BA649D2B98A1CB006DBE72 /* OnboardingView.swift */,
			);
			path = Onboarding;
			sourceTree = "<group>";
		};
		A7BA649F2B990B09006DBE72 /* Views */ = {
			isa = PBXGroup;
			children = (
				A7B3A51D2B8D351B0025495E /* TimerView.swift */,
				A7CECB342B9E31BC00DFDF5A /* ChooseCatsView.swift */,
				A7BA64A22B991D7C006DBE72 /* SettingsView.swift */,
				A7BA64A42B991D89006DBE72 /* TagsView.swift */,
				A7BA64A02B990B45006DBE72 /* HomeView.swift */,
			);
			path = Views;
			sourceTree = "<group>";
		};
		A7BA64A62B991EA3006DBE72 /* Components */ = {
			isa = PBXGroup;
			children = (
				A7BA64A72B991EBB006DBE72 /* SettingsSquareComponent.swift */,
				A7CECB362B9E340D00DFDF5A /* CatCard.swift */,
				A7CECB412B9FCF3100DFDF5A /* SettingsProperty.swift */,
				A7CECB662BA1DF3200DFDF5A /* TimerProperty.swift */,
				A7CECB902BA250B400DFDF5A /* TagComponent.swift */,
				A7D776432BA3A7D000C7A6BD /* NewTagComponent.swift */,
				A7CECB682BA1E2AF00DFDF5A /* SettingsSound.swift */,
			);
			path = Components;
			sourceTree = "<group>";
		};
		A7BA64A92B9A1C9A006DBE72 /* Model */ = {
			isa = PBXGroup;
			children = (
				A75A8B8A2B8FEF5E00CECAE5 /* Tag.swift */,
				A7BA64AA2B9A1D75006DBE72 /* Cat.swift */,
				A7CECB382B9E3AC900DFDF5A /* Session.swift */,
				A7BA64AC2B9A1DA9006DBE72 /* Pomodoro.swift */,
			);
			path = Model;
			sourceTree = "<group>";
		};
		A7CECB5B2BA1CE0500DFDF5A /* DesignSystem */ = {
			isa = PBXGroup;
			children = (
				A5CBBBE92BA366B700EFB8A8 /* Fonts */,
				A7CECB622BA1CFB300DFDF5A /* DesignColors.swift */,
				A7CECBA72BA365C300DFDF5A /* Fonts.swift */,
			);
			path = DesignSystem;
			sourceTree = "<group>";
		};
		A7D6D57F2B925D9E00C97719 /* Frameworks */ = {
			isa = PBXGroup;
			children = (
				A78570C42B97C7A500C43847 /* WatchConnectivity.framework */,
				A78570C62B97C7AE00C43847 /* WatchConnectivity.framework */,
				A7D6D5802B925D9E00C97719 /* WidgetKit.framework */,
				A7D6D5822B925D9E00C97719 /* SwiftUI.framework */,
			);
			name = Frameworks;
			sourceTree = "<group>";
		};
		A7D6D5842B925D9E00C97719 /* widgetextention */ = {
			isa = PBXGroup;
			children = (
				A7D6D5852B925D9E00C97719 /* widgetextentionBundle.swift */,
				A7D6D5872B925D9E00C97719 /* widgetextentionLiveActivity.swift */,
				A7D6D59B2B926C3B00C97719 /* DataService.swift */,
				A7D6D5892B925D9E00C97719 /* widgetextention.swift */,
				A7D6D58B2B925D9E00C97719 /* AppIntent.swift */,
				A7D6D58F2B925DA000C97719 /* Info.plist */,
			);
			path = widgetextention;
			sourceTree = "<group>";
		};
/* End PBXGroup section */

/* Begin PBXNativeTarget section */
		A78570CC2B97CA8F00C43847 /* PomodoroWatch Watch App */ = {
			isa = PBXNativeTarget;
			buildConfigurationList = A78570DB2B97CA9100C43847 /* Build configuration list for PBXNativeTarget "PomodoroWatch Watch App" */;
			buildPhases = (
				A78570C92B97CA8F00C43847 /* Sources */,
				A78570CA2B97CA8F00C43847 /* Frameworks */,
				A78570CB2B97CA8F00C43847 /* Resources */,
			);
			buildRules = (
			);
			dependencies = (
			);
			name = "PomodoroWatch Watch App";
			productName = "PomodoroWatch Watch App";
			productReference = A78570CD2B97CA8F00C43847 /* PomodoroWatch Watch App.app */;
			productType = "com.apple.product-type.application";
		};
		A7B3A50B2B8D34FB0025495E /* Pomodoro */ = {
			isa = PBXNativeTarget;
			buildConfigurationList = A7B3A51A2B8D34FD0025495E /* Build configuration list for PBXNativeTarget "Pomodoro" */;
			buildPhases = (
				A7B3A5082B8D34FB0025495E /* Sources */,
				A7B3A5092B8D34FB0025495E /* Frameworks */,
				A7B3A50A2B8D34FB0025495E /* Resources */,
				A7D6D5932B925DA000C97719 /* Embed Foundation Extensions */,
				A78570C02B97C64000C43847 /* Embed Watch Content */,
			);
			buildRules = (
			);
			dependencies = (
				A7D6D5912B925DA000C97719 /* PBXTargetDependency */,
				A78570D92B97CA9100C43847 /* PBXTargetDependency */,
			);
			name = Pomodoro;
			productName = Pomodoro;
			productReference = A7B3A50C2B8D34FB0025495E /* Pomodoro.app */;
			productType = "com.apple.product-type.application";
		};
		A7D6D57D2B925D9E00C97719 /* widgetextentionExtension */ = {
			isa = PBXNativeTarget;
			buildConfigurationList = A7D6D5962B925DA000C97719 /* Build configuration list for PBXNativeTarget "widgetextentionExtension" */;
			buildPhases = (
				A7D6D57A2B925D9E00C97719 /* Sources */,
				A7D6D57B2B925D9E00C97719 /* Frameworks */,
				A7D6D57C2B925D9E00C97719 /* Resources */,
			);
			buildRules = (
			);
			dependencies = (
			);
			name = widgetextentionExtension;
			productName = widgetextentionExtension;
			productReference = A7D6D57E2B925D9E00C97719 /* widgetextentionExtension.appex */;
			productType = "com.apple.product-type.app-extension";
		};
/* End PBXNativeTarget section */

/* Begin PBXProject section */
		A7B3A5042B8D34FB0025495E /* Project object */ = {
			isa = PBXProject;
			attributes = {
				BuildIndependentTargetsInParallel = 1;
				LastSwiftUpdateCheck = 1520;
				LastUpgradeCheck = 1520;
				TargetAttributes = {
					A78570CC2B97CA8F00C43847 = {
						CreatedOnToolsVersion = 15.2;
					};
					A7B3A50B2B8D34FB0025495E = {
						CreatedOnToolsVersion = 15.2;
					};
					A7D6D57D2B925D9E00C97719 = {
						CreatedOnToolsVersion = 15.2;
					};
				};
			};
			buildConfigurationList = A7B3A5072B8D34FB0025495E /* Build configuration list for PBXProject "Pomodoro" */;
			compatibilityVersion = "Xcode 14.0";
			developmentRegion = en;
			hasScannedForEncodings = 0;
			knownRegions = (
				en,
				Base,
			);
			mainGroup = A7B3A5032B8D34FB0025495E;
			productRefGroup = A7B3A50D2B8D34FB0025495E /* Products */;
			projectDirPath = "";
			projectRoot = "";
			targets = (
				A7B3A50B2B8D34FB0025495E /* Pomodoro */,
				A7D6D57D2B925D9E00C97719 /* widgetextentionExtension */,
				A78570CC2B97CA8F00C43847 /* PomodoroWatch Watch App */,
			);
		};
/* End PBXProject section */

/* Begin PBXResourcesBuildPhase section */
		A78570CB2B97CA8F00C43847 /* Resources */ = {
			isa = PBXResourcesBuildPhase;
			buildActionMask = 2147483647;
			files = (
				A7CECB9F2BA3623000DFDF5A /* LondrinaSolid-Regular.ttf in Resources */,
				A7CECBA52BA3623000DFDF5A /* LondrinaSolid-Light.ttf in Resources */,
				A78570D72B97CA9100C43847 /* Preview Assets.xcassets in Resources */,
				A7CECBA22BA3623000DFDF5A /* LondrinaSolid-Thin.ttf in Resources */,
				A773A8182B9BA8CE00C451EA /* Assets.xcassets in Resources */,
				A7CECB952BA3617700DFDF5A /* NotoSans-VariableFont_wdth,wght.ttf in Resources */,
				A7CECB9C2BA3623000DFDF5A /* LondrinaSolid-Black.ttf in Resources */,
			);
			runOnlyForDeploymentPostprocessing = 0;
		};
		A7B3A50A2B8D34FB0025495E /* Resources */ = {
			isa = PBXResourcesBuildPhase;
			buildActionMask = 2147483647;
			files = (
				A7CECB9D2BA3623000DFDF5A /* LondrinaSolid-Regular.ttf in Resources */,
				A7CECBA32BA3623000DFDF5A /* LondrinaSolid-Light.ttf in Resources */,
				A7B3A5172B8D34FD0025495E /* Preview Assets.xcassets in Resources */,
				A7CECBA02BA3623000DFDF5A /* LondrinaSolid-Thin.ttf in Resources */,
				A7B3A5142B8D34FD0025495E /* Assets.xcassets in Resources */,
				A7CECB932BA3617700DFDF5A /* NotoSans-VariableFont_wdth,wght.ttf in Resources */,
				A7CECB9A2BA3623000DFDF5A /* LondrinaSolid-Black.ttf in Resources */,
			);
			runOnlyForDeploymentPostprocessing = 0;
		};
		A7D6D57C2B925D9E00C97719 /* Resources */ = {
			isa = PBXResourcesBuildPhase;
			buildActionMask = 2147483647;
			files = (
				A7CECBA42BA3623000DFDF5A /* LondrinaSolid-Light.ttf in Resources */,
				A7CECB942BA3617700DFDF5A /* NotoSans-VariableFont_wdth,wght.ttf in Resources */,
				A7CECB9B2BA3623000DFDF5A /* LondrinaSolid-Black.ttf in Resources */,
				A7CECB9E2BA3623000DFDF5A /* LondrinaSolid-Regular.ttf in Resources */,
				A773A8192B9BA8CE00C451EA /* Assets.xcassets in Resources */,
				A7CECBA12BA3623000DFDF5A /* LondrinaSolid-Thin.ttf in Resources */,
			);
			runOnlyForDeploymentPostprocessing = 0;
		};
/* End PBXResourcesBuildPhase section */

/* Begin PBXSourcesBuildPhase section */
		A78570C92B97CA8F00C43847 /* Sources */ = {
			isa = PBXSourcesBuildPhase;
			buildActionMask = 2147483647;
			files = (
				A7BA64D72B9A5D12006DBE72 /* Constants.swift in Sources */,
				A7BA64D92B9A5F50006DBE72 /* WatchHomeView.swift in Sources */,
				A7BA64D42B9A4B90006DBE72 /* SessionDelegater.swift in Sources */,
				A7CECB402B9F8F8800DFDF5A /* NotificationManager.swift in Sources */,
				A7BA64DD2B9A6818006DBE72 /* Tag.swift in Sources */,
				A7CECB3D2B9F64B000DFDF5A /* SharedTimer.swift in Sources */,
				A78570D02B97CA8F00C43847 /* PomodoroWatchApp.swift in Sources */,
				A7CECB652BA1CFB500DFDF5A /* DesignColors.swift in Sources */,
				A7CECBAA2BA365C300DFDF5A /* Fonts.swift in Sources */,
				A7BA64DC2B9A67FC006DBE72 /* Pomodoro.swift in Sources */,
				A7BA64D62B9A4DCF006DBE72 /* WatchTimerView.swift in Sources */,
			);
			runOnlyForDeploymentPostprocessing = 0;
		};
		A7B3A5082B8D34FB0025495E /* Sources */ = {
			isa = PBXSourcesBuildPhase;
			buildActionMask = 2147483647;
			files = (
				A7CECB912BA250B400DFDF5A /* TagComponent.swift in Sources */,
				A7B3A51E2B8D351B0025495E /* TimerView.swift in Sources */,
				A75A8B8B2B8FEF5E00CECAE5 /* Tag.swift in Sources */,
				A7BA64A12B990B45006DBE72 /* HomeView.swift in Sources */,
				A7CECB352B9E31BC00DFDF5A /* ChooseCatsView.swift in Sources */,
				A7B3A5102B8D34FB0025495E /* PomodoroApp.swift in Sources */,
				A7CECBA82BA365C300DFDF5A /* Fonts.swift in Sources */,
				A7BA64AD2B9A1DA9006DBE72 /* Pomodoro.swift in Sources */,
				A7CECB3C2B9F64AB00DFDF5A /* SharedTimer.swift in Sources */,
				A7BA64D32B9A4B90006DBE72 /* SessionDelegater.swift in Sources */,
				A7CECB692BA1E2AF00DFDF5A /* SettingsSound.swift in Sources */,
				A7BA64AB2B9A1D75006DBE72 /* Cat.swift in Sources */,
				A7B3A5202B8D3DA10025495E /* Utils.swift in Sources */,
				A7BA649E2B98A1CB006DBE72 /* OnboardingView.swift in Sources */,
				A7D6D59A2B926B7300C97719 /* Constants.swift in Sources */,
				A7CECB672BA1DF3200DFDF5A /* TimerProperty.swift in Sources */,
				A7CECB3F2B9F8F8800DFDF5A /* NotificationManager.swift in Sources */,
				A7BA64A82B991EBB006DBE72 /* SettingsSquareComponent.swift in Sources */,
				A7CECB392B9E3AC900DFDF5A /* Session.swift in Sources */,
				A7D776442BA3A7D000C7A6BD /* NewTagComponent.swift in Sources */,
				A7CECB422B9FCF3100DFDF5A /* SettingsProperty.swift in Sources */,
				A7BA64A32B991D7C006DBE72 /* SettingsView.swift in Sources */,
				A7CECB632BA1CFB300DFDF5A /* DesignColors.swift in Sources */,
				A7BA64A52B991D89006DBE72 /* TagsView.swift in Sources */,
				A7CECB372B9E340D00DFDF5A /* CatCard.swift in Sources */,
				A7CECB8D2BA2377000DFDF5A /* AppDelegate.swift in Sources */,
			);
			runOnlyForDeploymentPostprocessing = 0;
		};
		A7D6D57A2B925D9E00C97719 /* Sources */ = {
			isa = PBXSourcesBuildPhase;
			buildActionMask = 2147483647;
			files = (
				A7CECBA92BA365C300DFDF5A /* Fonts.swift in Sources */,
				A7D6D5862B925D9E00C97719 /* widgetextentionBundle.swift in Sources */,
				A7D6D58C2B925D9E00C97719 /* AppIntent.swift in Sources */,
				A7D6D58A2B925D9E00C97719 /* widgetextention.swift in Sources */,
				A7CECB642BA1CFB500DFDF5A /* DesignColors.swift in Sources */,
				A7D6D5882B925D9E00C97719 /* widgetextentionLiveActivity.swift in Sources */,
				A7D6D59C2B926C3B00C97719 /* DataService.swift in Sources */,
			);
			runOnlyForDeploymentPostprocessing = 0;
		};
/* End PBXSourcesBuildPhase section */

/* Begin PBXTargetDependency section */
		A78570D92B97CA9100C43847 /* PBXTargetDependency */ = {
			isa = PBXTargetDependency;
			target = A78570CC2B97CA8F00C43847 /* PomodoroWatch Watch App */;
			targetProxy = A78570D82B97CA9100C43847 /* PBXContainerItemProxy */;
		};
		A7D6D5912B925DA000C97719 /* PBXTargetDependency */ = {
			isa = PBXTargetDependency;
			target = A7D6D57D2B925D9E00C97719 /* widgetextentionExtension */;
			targetProxy = A7D6D5902B925DA000C97719 /* PBXContainerItemProxy */;
		};
/* End PBXTargetDependency section */

/* Begin XCBuildConfiguration section */
		A78570DC2B97CA9100C43847 /* Debug */ = {
			isa = XCBuildConfiguration;
			buildSettings = {
				ASSETCATALOG_COMPILER_APPICON_NAME = AppIcon;
				ASSETCATALOG_COMPILER_GLOBAL_ACCENT_COLOR_NAME = AccentColor;
				CODE_SIGN_ENTITLEMENTS = "PomodoroWatch Watch App/PomodoroWatch Watch App.entitlements";
				CODE_SIGN_STYLE = Automatic;
				CURRENT_PROJECT_VERSION = 1;
				DEVELOPMENT_ASSET_PATHS = "\"PomodoroWatch Watch App/Preview Content\"";
				DEVELOPMENT_TEAM = DFJUFQ6A3N;
				ENABLE_PREVIEWS = YES;
				GENERATE_INFOPLIST_FILE = YES;
				INFOPLIST_KEY_CFBundleDisplayName = PomodoroWatch;
				INFOPLIST_KEY_UISupportedInterfaceOrientations = "UIInterfaceOrientationPortrait UIInterfaceOrientationPortraitUpsideDown";
				INFOPLIST_KEY_WKCompanionAppBundleIdentifier = com.tpdias.Pomodoro;
				LD_RUNPATH_SEARCH_PATHS = (
					"$(inherited)",
					"@executable_path/Frameworks",
				);
				MARKETING_VERSION = 1.0;
				PRODUCT_BUNDLE_IDENTIFIER = com.tpdias.Pomodoro.watchkitapp;
				PRODUCT_NAME = "$(TARGET_NAME)";
				SDKROOT = watchos;
				SKIP_INSTALL = YES;
				SWIFT_EMIT_LOC_STRINGS = YES;
				SWIFT_VERSION = 5.0;
				TARGETED_DEVICE_FAMILY = 4;
				WATCHOS_DEPLOYMENT_TARGET = 10.2;
			};
			name = Debug;
		};
		A78570DD2B97CA9100C43847 /* Release */ = {
			isa = XCBuildConfiguration;
			buildSettings = {
				ASSETCATALOG_COMPILER_APPICON_NAME = AppIcon;
				ASSETCATALOG_COMPILER_GLOBAL_ACCENT_COLOR_NAME = AccentColor;
				CODE_SIGN_ENTITLEMENTS = "PomodoroWatch Watch App/PomodoroWatch Watch App.entitlements";
				CODE_SIGN_STYLE = Automatic;
				CURRENT_PROJECT_VERSION = 1;
				DEVELOPMENT_ASSET_PATHS = "\"PomodoroWatch Watch App/Preview Content\"";
				DEVELOPMENT_TEAM = DFJUFQ6A3N;
				ENABLE_PREVIEWS = YES;
				GENERATE_INFOPLIST_FILE = YES;
				INFOPLIST_KEY_CFBundleDisplayName = PomodoroWatch;
				INFOPLIST_KEY_UISupportedInterfaceOrientations = "UIInterfaceOrientationPortrait UIInterfaceOrientationPortraitUpsideDown";
				INFOPLIST_KEY_WKCompanionAppBundleIdentifier = com.tpdias.Pomodoro;
				LD_RUNPATH_SEARCH_PATHS = (
					"$(inherited)",
					"@executable_path/Frameworks",
				);
				MARKETING_VERSION = 1.0;
				PRODUCT_BUNDLE_IDENTIFIER = com.tpdias.Pomodoro.watchkitapp;
				PRODUCT_NAME = "$(TARGET_NAME)";
				SDKROOT = watchos;
				SKIP_INSTALL = YES;
				SWIFT_EMIT_LOC_STRINGS = YES;
				SWIFT_VERSION = 5.0;
				TARGETED_DEVICE_FAMILY = 4;
				WATCHOS_DEPLOYMENT_TARGET = 10.2;
			};
			name = Release;
		};
		A7B3A5182B8D34FD0025495E /* Debug */ = {
			isa = XCBuildConfiguration;
			buildSettings = {
				ALWAYS_SEARCH_USER_PATHS = NO;
				ASSETCATALOG_COMPILER_GENERATE_SWIFT_ASSET_SYMBOL_EXTENSIONS = YES;
				CLANG_ANALYZER_NONNULL = YES;
				CLANG_ANALYZER_NUMBER_OBJECT_CONVERSION = YES_AGGRESSIVE;
				CLANG_CXX_LANGUAGE_STANDARD = "gnu++20";
				CLANG_ENABLE_MODULES = YES;
				CLANG_ENABLE_OBJC_ARC = YES;
				CLANG_ENABLE_OBJC_WEAK = YES;
				CLANG_WARN_BLOCK_CAPTURE_AUTORELEASING = YES;
				CLANG_WARN_BOOL_CONVERSION = YES;
				CLANG_WARN_COMMA = YES;
				CLANG_WARN_CONSTANT_CONVERSION = YES;
				CLANG_WARN_DEPRECATED_OBJC_IMPLEMENTATIONS = YES;
				CLANG_WARN_DIRECT_OBJC_ISA_USAGE = YES_ERROR;
				CLANG_WARN_DOCUMENTATION_COMMENTS = YES;
				CLANG_WARN_EMPTY_BODY = YES;
				CLANG_WARN_ENUM_CONVERSION = YES;
				CLANG_WARN_INFINITE_RECURSION = YES;
				CLANG_WARN_INT_CONVERSION = YES;
				CLANG_WARN_NON_LITERAL_NULL_CONVERSION = YES;
				CLANG_WARN_OBJC_IMPLICIT_RETAIN_SELF = YES;
				CLANG_WARN_OBJC_LITERAL_CONVERSION = YES;
				CLANG_WARN_OBJC_ROOT_CLASS = YES_ERROR;
				CLANG_WARN_QUOTED_INCLUDE_IN_FRAMEWORK_HEADER = YES;
				CLANG_WARN_RANGE_LOOP_ANALYSIS = YES;
				CLANG_WARN_STRICT_PROTOTYPES = YES;
				CLANG_WARN_SUSPICIOUS_MOVE = YES;
				CLANG_WARN_UNGUARDED_AVAILABILITY = YES_AGGRESSIVE;
				CLANG_WARN_UNREACHABLE_CODE = YES;
				CLANG_WARN__DUPLICATE_METHOD_MATCH = YES;
				COPY_PHASE_STRIP = NO;
				DEBUG_INFORMATION_FORMAT = dwarf;
				ENABLE_STRICT_OBJC_MSGSEND = YES;
				ENABLE_TESTABILITY = YES;
				ENABLE_USER_SCRIPT_SANDBOXING = YES;
				GCC_C_LANGUAGE_STANDARD = gnu17;
				GCC_DYNAMIC_NO_PIC = NO;
				GCC_NO_COMMON_BLOCKS = YES;
				GCC_OPTIMIZATION_LEVEL = 0;
				GCC_PREPROCESSOR_DEFINITIONS = (
					"DEBUG=1",
					"$(inherited)",
				);
				GCC_WARN_64_TO_32_BIT_CONVERSION = YES;
				GCC_WARN_ABOUT_RETURN_TYPE = YES_ERROR;
				GCC_WARN_UNDECLARED_SELECTOR = YES;
				GCC_WARN_UNINITIALIZED_AUTOS = YES_AGGRESSIVE;
				GCC_WARN_UNUSED_FUNCTION = YES;
				GCC_WARN_UNUSED_VARIABLE = YES;
				IPHONEOS_DEPLOYMENT_TARGET = 17.2;
				LOCALIZATION_PREFERS_STRING_CATALOGS = YES;
				MTL_ENABLE_DEBUG_INFO = INCLUDE_SOURCE;
				MTL_FAST_MATH = YES;
				ONLY_ACTIVE_ARCH = YES;
				SDKROOT = iphoneos;
				SWIFT_ACTIVE_COMPILATION_CONDITIONS = "DEBUG $(inherited)";
				SWIFT_OPTIMIZATION_LEVEL = "-Onone";
			};
			name = Debug;
		};
		A7B3A5192B8D34FD0025495E /* Release */ = {
			isa = XCBuildConfiguration;
			buildSettings = {
				ALWAYS_SEARCH_USER_PATHS = NO;
				ASSETCATALOG_COMPILER_GENERATE_SWIFT_ASSET_SYMBOL_EXTENSIONS = YES;
				CLANG_ANALYZER_NONNULL = YES;
				CLANG_ANALYZER_NUMBER_OBJECT_CONVERSION = YES_AGGRESSIVE;
				CLANG_CXX_LANGUAGE_STANDARD = "gnu++20";
				CLANG_ENABLE_MODULES = YES;
				CLANG_ENABLE_OBJC_ARC = YES;
				CLANG_ENABLE_OBJC_WEAK = YES;
				CLANG_WARN_BLOCK_CAPTURE_AUTORELEASING = YES;
				CLANG_WARN_BOOL_CONVERSION = YES;
				CLANG_WARN_COMMA = YES;
				CLANG_WARN_CONSTANT_CONVERSION = YES;
				CLANG_WARN_DEPRECATED_OBJC_IMPLEMENTATIONS = YES;
				CLANG_WARN_DIRECT_OBJC_ISA_USAGE = YES_ERROR;
				CLANG_WARN_DOCUMENTATION_COMMENTS = YES;
				CLANG_WARN_EMPTY_BODY = YES;
				CLANG_WARN_ENUM_CONVERSION = YES;
				CLANG_WARN_INFINITE_RECURSION = YES;
				CLANG_WARN_INT_CONVERSION = YES;
				CLANG_WARN_NON_LITERAL_NULL_CONVERSION = YES;
				CLANG_WARN_OBJC_IMPLICIT_RETAIN_SELF = YES;
				CLANG_WARN_OBJC_LITERAL_CONVERSION = YES;
				CLANG_WARN_OBJC_ROOT_CLASS = YES_ERROR;
				CLANG_WARN_QUOTED_INCLUDE_IN_FRAMEWORK_HEADER = YES;
				CLANG_WARN_RANGE_LOOP_ANALYSIS = YES;
				CLANG_WARN_STRICT_PROTOTYPES = YES;
				CLANG_WARN_SUSPICIOUS_MOVE = YES;
				CLANG_WARN_UNGUARDED_AVAILABILITY = YES_AGGRESSIVE;
				CLANG_WARN_UNREACHABLE_CODE = YES;
				CLANG_WARN__DUPLICATE_METHOD_MATCH = YES;
				COPY_PHASE_STRIP = NO;
				DEBUG_INFORMATION_FORMAT = "dwarf-with-dsym";
				ENABLE_NS_ASSERTIONS = NO;
				ENABLE_STRICT_OBJC_MSGSEND = YES;
				ENABLE_USER_SCRIPT_SANDBOXING = YES;
				GCC_C_LANGUAGE_STANDARD = gnu17;
				GCC_NO_COMMON_BLOCKS = YES;
				GCC_WARN_64_TO_32_BIT_CONVERSION = YES;
				GCC_WARN_ABOUT_RETURN_TYPE = YES_ERROR;
				GCC_WARN_UNDECLARED_SELECTOR = YES;
				GCC_WARN_UNINITIALIZED_AUTOS = YES_AGGRESSIVE;
				GCC_WARN_UNUSED_FUNCTION = YES;
				GCC_WARN_UNUSED_VARIABLE = YES;
				IPHONEOS_DEPLOYMENT_TARGET = 17.2;
				LOCALIZATION_PREFERS_STRING_CATALOGS = YES;
				MTL_ENABLE_DEBUG_INFO = NO;
				MTL_FAST_MATH = YES;
				SDKROOT = iphoneos;
				SWIFT_COMPILATION_MODE = wholemodule;
				VALIDATE_PRODUCT = YES;
			};
			name = Release;
		};
		A7B3A51B2B8D34FD0025495E /* Debug */ = {
			isa = XCBuildConfiguration;
			buildSettings = {
				ALWAYS_EMBED_SWIFT_STANDARD_LIBRARIES = YES;
				ASSETCATALOG_COMPILER_APPICON_NAME = AppIcon;
				ASSETCATALOG_COMPILER_GLOBAL_ACCENT_COLOR_NAME = AccentColor;
				CODE_SIGN_ENTITLEMENTS = Pomodoro/Pomodoro.entitlements;
				CODE_SIGN_STYLE = Automatic;
				CURRENT_PROJECT_VERSION = 1;
				DEVELOPMENT_ASSET_PATHS = "\"Pomodoro/Preview Content\"";
				DEVELOPMENT_TEAM = DFJUFQ6A3N;
				ENABLE_PREVIEWS = YES;
				GENERATE_INFOPLIST_FILE = YES;
				INFOPLIST_FILE = Pomodoro/Info.plist;
				INFOPLIST_KEY_UIApplicationSceneManifest_Generation = YES;
				INFOPLIST_KEY_UIApplicationSupportsIndirectInputEvents = YES;
				INFOPLIST_KEY_UILaunchScreen_Generation = YES;
				INFOPLIST_KEY_UISupportedInterfaceOrientations = UIInterfaceOrientationPortrait;
				INFOPLIST_KEY_UISupportedInterfaceOrientations_iPad = "UIInterfaceOrientationLandscapeLeft UIInterfaceOrientationLandscapeRight UIInterfaceOrientationPortrait UIInterfaceOrientationPortraitUpsideDown";
				LD_RUNPATH_SEARCH_PATHS = (
					"$(inherited)",
					"@executable_path/Frameworks",
				);
				MARKETING_VERSION = 1.0;
				PRODUCT_BUNDLE_IDENTIFIER = com.tpdias.Pomodoro;
				PRODUCT_NAME = "$(TARGET_NAME)";
				SWIFT_EMIT_LOC_STRINGS = YES;
				SWIFT_VERSION = 5.0;
				TARGETED_DEVICE_FAMILY = "1,2";
			};
			name = Debug;
		};
		A7B3A51C2B8D34FD0025495E /* Release */ = {
			isa = XCBuildConfiguration;
			buildSettings = {
				ALWAYS_EMBED_SWIFT_STANDARD_LIBRARIES = YES;
				ASSETCATALOG_COMPILER_APPICON_NAME = AppIcon;
				ASSETCATALOG_COMPILER_GLOBAL_ACCENT_COLOR_NAME = AccentColor;
				CODE_SIGN_ENTITLEMENTS = Pomodoro/Pomodoro.entitlements;
				CODE_SIGN_STYLE = Automatic;
				CURRENT_PROJECT_VERSION = 1;
				DEVELOPMENT_ASSET_PATHS = "\"Pomodoro/Preview Content\"";
				DEVELOPMENT_TEAM = DFJUFQ6A3N;
				ENABLE_PREVIEWS = YES;
				GENERATE_INFOPLIST_FILE = YES;
				INFOPLIST_FILE = Pomodoro/Info.plist;
				INFOPLIST_KEY_UIApplicationSceneManifest_Generation = YES;
				INFOPLIST_KEY_UIApplicationSupportsIndirectInputEvents = YES;
				INFOPLIST_KEY_UILaunchScreen_Generation = YES;
				INFOPLIST_KEY_UISupportedInterfaceOrientations = UIInterfaceOrientationPortrait;
				INFOPLIST_KEY_UISupportedInterfaceOrientations_iPad = "UIInterfaceOrientationLandscapeLeft UIInterfaceOrientationLandscapeRight UIInterfaceOrientationPortrait UIInterfaceOrientationPortraitUpsideDown";
				LD_RUNPATH_SEARCH_PATHS = (
					"$(inherited)",
					"@executable_path/Frameworks",
				);
				MARKETING_VERSION = 1.0;
				PRODUCT_BUNDLE_IDENTIFIER = com.tpdias.Pomodoro;
				PRODUCT_NAME = "$(TARGET_NAME)";
				SWIFT_EMIT_LOC_STRINGS = YES;
				SWIFT_VERSION = 5.0;
				TARGETED_DEVICE_FAMILY = "1,2";
			};
			name = Release;
		};
		A7D6D5942B925DA000C97719 /* Debug */ = {
			isa = XCBuildConfiguration;
			buildSettings = {
				ASSETCATALOG_COMPILER_GLOBAL_ACCENT_COLOR_NAME = AccentColor;
				ASSETCATALOG_COMPILER_WIDGET_BACKGROUND_COLOR_NAME = WidgetBackground;
				CODE_SIGN_ENTITLEMENTS = widgetextentionExtension.entitlements;
				CODE_SIGN_STYLE = Automatic;
				CURRENT_PROJECT_VERSION = 1;
				DEVELOPMENT_TEAM = DFJUFQ6A3N;
				GENERATE_INFOPLIST_FILE = YES;
				INFOPLIST_FILE = widgetextention/Info.plist;
				INFOPLIST_KEY_CFBundleDisplayName = widgetextention;
				INFOPLIST_KEY_NSHumanReadableCopyright = "";
				LD_RUNPATH_SEARCH_PATHS = (
					"$(inherited)",
					"@executable_path/Frameworks",
					"@executable_path/../../Frameworks",
				);
				MARKETING_VERSION = 1.0;
				PRODUCT_BUNDLE_IDENTIFIER = com.tpdias.Pomodoro.widgetextention;
				PRODUCT_NAME = "$(TARGET_NAME)";
				SKIP_INSTALL = YES;
				SWIFT_EMIT_LOC_STRINGS = YES;
				SWIFT_VERSION = 5.0;
				TARGETED_DEVICE_FAMILY = "1,2";
			};
			name = Debug;
		};
		A7D6D5952B925DA000C97719 /* Release */ = {
			isa = XCBuildConfiguration;
			buildSettings = {
				ASSETCATALOG_COMPILER_GLOBAL_ACCENT_COLOR_NAME = AccentColor;
				ASSETCATALOG_COMPILER_WIDGET_BACKGROUND_COLOR_NAME = WidgetBackground;
				CODE_SIGN_ENTITLEMENTS = widgetextentionExtension.entitlements;
				CODE_SIGN_STYLE = Automatic;
				CURRENT_PROJECT_VERSION = 1;
				DEVELOPMENT_TEAM = DFJUFQ6A3N;
				GENERATE_INFOPLIST_FILE = YES;
				INFOPLIST_FILE = widgetextention/Info.plist;
				INFOPLIST_KEY_CFBundleDisplayName = widgetextention;
				INFOPLIST_KEY_NSHumanReadableCopyright = "";
				LD_RUNPATH_SEARCH_PATHS = (
					"$(inherited)",
					"@executable_path/Frameworks",
					"@executable_path/../../Frameworks",
				);
				MARKETING_VERSION = 1.0;
				PRODUCT_BUNDLE_IDENTIFIER = com.tpdias.Pomodoro.widgetextention;
				PRODUCT_NAME = "$(TARGET_NAME)";
				SKIP_INSTALL = YES;
				SWIFT_EMIT_LOC_STRINGS = YES;
				SWIFT_VERSION = 5.0;
				TARGETED_DEVICE_FAMILY = "1,2";
			};
			name = Release;
		};
/* End XCBuildConfiguration section */

/* Begin XCConfigurationList section */
		A78570DB2B97CA9100C43847 /* Build configuration list for PBXNativeTarget "PomodoroWatch Watch App" */ = {
			isa = XCConfigurationList;
			buildConfigurations = (
				A78570DC2B97CA9100C43847 /* Debug */,
				A78570DD2B97CA9100C43847 /* Release */,
			);
			defaultConfigurationIsVisible = 0;
			defaultConfigurationName = Release;
		};
		A7B3A5072B8D34FB0025495E /* Build configuration list for PBXProject "Pomodoro" */ = {
			isa = XCConfigurationList;
			buildConfigurations = (
				A7B3A5182B8D34FD0025495E /* Debug */,
				A7B3A5192B8D34FD0025495E /* Release */,
			);
			defaultConfigurationIsVisible = 0;
			defaultConfigurationName = Release;
		};
		A7B3A51A2B8D34FD0025495E /* Build configuration list for PBXNativeTarget "Pomodoro" */ = {
			isa = XCConfigurationList;
			buildConfigurations = (
				A7B3A51B2B8D34FD0025495E /* Debug */,
				A7B3A51C2B8D34FD0025495E /* Release */,
			);
			defaultConfigurationIsVisible = 0;
			defaultConfigurationName = Release;
		};
		A7D6D5962B925DA000C97719 /* Build configuration list for PBXNativeTarget "widgetextentionExtension" */ = {
			isa = XCConfigurationList;
			buildConfigurations = (
				A7D6D5942B925DA000C97719 /* Debug */,
				A7D6D5952B925DA000C97719 /* Release */,
			);
			defaultConfigurationIsVisible = 0;
			defaultConfigurationName = Release;
		};
/* End XCConfigurationList section */
	};
	rootObject = A7B3A5042B8D34FB0025495E /* Project object */;
}
